// !$*UTF8*$!
{
	archiveVersion = 1;
	classes = {
	};
	objectVersion = 48;
	objects = {

/* Begin PBXBuildFile section */
		390F92ED202787100099DE94 /* StandingsCell.swift in Sources */ = {isa = PBXBuildFile; fileRef = 390F92EC202787100099DE94 /* StandingsCell.swift */; };
		390F92EF2027874E0099DE94 /* StandingsStatsView.swift in Sources */ = {isa = PBXBuildFile; fileRef = 390F92EE2027874E0099DE94 /* StandingsStatsView.swift */; };
		390F92F2202788F30099DE94 /* EnumCollection.swift in Sources */ = {isa = PBXBuildFile; fileRef = 390F92F1202788F30099DE94 /* EnumCollection.swift */; };
		39136D99201CF23C00E0384E /* StandingsViewController.swift in Sources */ = {isa = PBXBuildFile; fileRef = 39136D98201CF23C00E0384E /* StandingsViewController.swift */; };
		39136D9C201CF44D00E0384E /* DebugMenuViewController.swift in Sources */ = {isa = PBXBuildFile; fileRef = 39136D9B201CF44D00E0384E /* DebugMenuViewController.swift */; };
		39136D9E20261F5B00E0384E /* Record.swift in Sources */ = {isa = PBXBuildFile; fileRef = 39136D9D20261F5B00E0384E /* Record.swift */; };
		39136DA020262B3F00E0384E /* UIColorExt.swift in Sources */ = {isa = PBXBuildFile; fileRef = 39136D9F20262B3F00E0384E /* UIColorExt.swift */; };
		39136DA42026392000E0384E /* StandingsHeaderViews.swift in Sources */ = {isa = PBXBuildFile; fileRef = 39136DA32026392000E0384E /* StandingsHeaderViews.swift */; };
		39447028200C21DA008E402B /* AppDelegate.swift in Sources */ = {isa = PBXBuildFile; fileRef = 39447027200C21DA008E402B /* AppDelegate.swift */; };
		3944702F200C21DA008E402B /* Assets.xcassets in Resources */ = {isa = PBXBuildFile; fileRef = 3944702E200C21DA008E402B /* Assets.xcassets */; };
		39447032200C21DA008E402B /* LaunchScreen.storyboard in Resources */ = {isa = PBXBuildFile; fileRef = 39447030200C21DA008E402B /* LaunchScreen.storyboard */; };
		3944703A200C2244008E402B /* ScoreboardCell.swift in Sources */ = {isa = PBXBuildFile; fileRef = 39447039200C2244008E402B /* ScoreboardCell.swift */; };
		3944703C200C2288008E402B /* ScoreboardService.swift in Sources */ = {isa = PBXBuildFile; fileRef = 3944703B200C2288008E402B /* ScoreboardService.swift */; };
		3944703E200C232E008E402B /* ScoreboardViewController.swift in Sources */ = {isa = PBXBuildFile; fileRef = 3944703D200C232E008E402B /* ScoreboardViewController.swift */; };
		39447040200C2E4A008E402B /* Score.swift in Sources */ = {isa = PBXBuildFile; fileRef = 3944703F200C2E4A008E402B /* Score.swift */; };
		39447043200DA49B008E402B /* Cartfile in Resources */ = {isa = PBXBuildFile; fileRef = 39447042200DA49B008E402B /* Cartfile */; };
		39447047200DA71D008E402B /* TinyConstraints.framework in Frameworks */ = {isa = PBXBuildFile; fileRef = 39447046200DA71D008E402B /* TinyConstraints.framework */; };
		3944704A200DAB5E008E402B /* TinyConstraints.framework in Embed Frameworks */ = {isa = PBXBuildFile; fileRef = 39447046200DA71D008E402B /* TinyConstraints.framework */; settings = {ATTRIBUTES = (CodeSignOnCopy, RemoveHeadersOnCopy, ); }; };
		3944704D200F2E9B008E402B /* ScoreboardCell.xib in Resources */ = {isa = PBXBuildFile; fileRef = 3944704C200F2E9B008E402B /* ScoreboardCell.xib */; };
		3983CBC7202F78E100147386 /* UIScreenExt.swift in Sources */ = {isa = PBXBuildFile; fileRef = 3983CBC6202F78E100147386 /* UIScreenExt.swift */; };
		3983CBCB202F7AD700147386 /* LineView.swift in Sources */ = {isa = PBXBuildFile; fileRef = 3983CBCA202F7AD700147386 /* LineView.swift */; };
		39D3D48E20107A7B0077384E /* SwiftDate.framework in Frameworks */ = {isa = PBXBuildFile; fileRef = 39D3D48C20107A6F0077384E /* SwiftDate.framework */; };
		39D3D48F20107A7B0077384E /* SwiftDate.framework in Embed Frameworks */ = {isa = PBXBuildFile; fileRef = 39D3D48C20107A6F0077384E /* SwiftDate.framework */; settings = {ATTRIBUTES = (CodeSignOnCopy, RemoveHeadersOnCopy, ); }; };
		39D3D491201083E80077384E /* ScoreboardPageViewController.swift in Sources */ = {isa = PBXBuildFile; fileRef = 39D3D490201083E80077384E /* ScoreboardPageViewController.swift */; };
		39D3D49320108B3E0077384E /* Team.swift in Sources */ = {isa = PBXBuildFile; fileRef = 39D3D49220108B3E0077384E /* Team.swift */; };
		39D3D49620108C0F0077384E /* Logos.xcassets in Resources */ = {isa = PBXBuildFile; fileRef = 39D3D49520108C0F0077384E /* Logos.xcassets */; };
		39D3D49B201308660077384E /* Realm.framework in Frameworks */ = {isa = PBXBuildFile; fileRef = 39D3D498201308580077384E /* Realm.framework */; };
		39D3D49C201308660077384E /* Realm.framework in Embed Frameworks */ = {isa = PBXBuildFile; fileRef = 39D3D498201308580077384E /* Realm.framework */; settings = {ATTRIBUTES = (CodeSignOnCopy, RemoveHeadersOnCopy, ); }; };
		39D3D49D201308660077384E /* RealmSwift.framework in Frameworks */ = {isa = PBXBuildFile; fileRef = 39D3D497201308580077384E /* RealmSwift.framework */; };
		39D3D49E201308660077384E /* RealmSwift.framework in Embed Frameworks */ = {isa = PBXBuildFile; fileRef = 39D3D497201308580077384E /* RealmSwift.framework */; settings = {ATTRIBUTES = (CodeSignOnCopy, RemoveHeadersOnCopy, ); }; };
		39D3D4A020130D1C0077384E /* TeamID.swift in Sources */ = {isa = PBXBuildFile; fileRef = 39D3D49F20130D1C0077384E /* TeamID.swift */; };
		39D3D4A220130E690077384E /* Game.swift in Sources */ = {isa = PBXBuildFile; fileRef = 39D3D4A120130E690077384E /* Game.swift */; };
		39D3D4A8201324400077384E /* TeamService.swift in Sources */ = {isa = PBXBuildFile; fileRef = 39D3D4A7201324400077384E /* TeamService.swift */; };
		39D3D4AE2013A6E80077384E /* UINavigationControllerExt.swift in Sources */ = {isa = PBXBuildFile; fileRef = 39D3D4AD2013A6E80077384E /* UINavigationControllerExt.swift */; };
		39D3D4B02013DDAF0077384E /* GameService.swift in Sources */ = {isa = PBXBuildFile; fileRef = 39D3D4AF2013DDAF0077384E /* GameService.swift */; };
		39D3D4B22015D0500077384E /* StandingsService.swift in Sources */ = {isa = PBXBuildFile; fileRef = 39D3D4B12015D0500077384E /* StandingsService.swift */; };
		731A7FBA2023708A00D75BCB /* Player.swift in Sources */ = {isa = PBXBuildFile; fileRef = 731A7FB92023708A00D75BCB /* Player.swift */; };
/* End PBXBuildFile section */

/* Begin PBXCopyFilesBuildPhase section */
		3944704B200DAB5E008E402B /* Embed Frameworks */ = {
			isa = PBXCopyFilesBuildPhase;
			buildActionMask = 2147483647;
			dstPath = "";
			dstSubfolderSpec = 10;
			files = (
				39D3D49C201308660077384E /* Realm.framework in Embed Frameworks */,
				39D3D48F20107A7B0077384E /* SwiftDate.framework in Embed Frameworks */,
				39D3D49E201308660077384E /* RealmSwift.framework in Embed Frameworks */,
				3944704A200DAB5E008E402B /* TinyConstraints.framework in Embed Frameworks */,
			);
			name = "Embed Frameworks";
			runOnlyForDeploymentPostprocessing = 0;
		};
/* End PBXCopyFilesBuildPhase section */

/* Begin PBXFileReference section */
		390F92EC202787100099DE94 /* StandingsCell.swift */ = {isa = PBXFileReference; lastKnownFileType = sourcecode.swift; path = StandingsCell.swift; sourceTree = "<group>"; };
		390F92EE2027874E0099DE94 /* StandingsStatsView.swift */ = {isa = PBXFileReference; lastKnownFileType = sourcecode.swift; path = StandingsStatsView.swift; sourceTree = "<group>"; };
		390F92F1202788F30099DE94 /* EnumCollection.swift */ = {isa = PBXFileReference; lastKnownFileType = sourcecode.swift; path = EnumCollection.swift; sourceTree = "<group>"; };
		39136D98201CF23C00E0384E /* StandingsViewController.swift */ = {isa = PBXFileReference; lastKnownFileType = sourcecode.swift; path = StandingsViewController.swift; sourceTree = "<group>"; };
		39136D9B201CF44D00E0384E /* DebugMenuViewController.swift */ = {isa = PBXFileReference; lastKnownFileType = sourcecode.swift; path = DebugMenuViewController.swift; sourceTree = "<group>"; };
		39136D9D20261F5B00E0384E /* Record.swift */ = {isa = PBXFileReference; lastKnownFileType = sourcecode.swift; path = Record.swift; sourceTree = "<group>"; };
		39136D9F20262B3F00E0384E /* UIColorExt.swift */ = {isa = PBXFileReference; lastKnownFileType = sourcecode.swift; path = UIColorExt.swift; sourceTree = "<group>"; };
		39136DA32026392000E0384E /* StandingsHeaderViews.swift */ = {isa = PBXFileReference; lastKnownFileType = sourcecode.swift; path = StandingsHeaderViews.swift; sourceTree = "<group>"; };
		39447024200C21D9008E402B /* nhl-scores.app */ = {isa = PBXFileReference; explicitFileType = wrapper.application; includeInIndex = 0; path = "nhl-scores.app"; sourceTree = BUILT_PRODUCTS_DIR; };
		39447027200C21DA008E402B /* AppDelegate.swift */ = {isa = PBXFileReference; lastKnownFileType = sourcecode.swift; path = AppDelegate.swift; sourceTree = "<group>"; };
		3944702E200C21DA008E402B /* Assets.xcassets */ = {isa = PBXFileReference; lastKnownFileType = folder.assetcatalog; path = Assets.xcassets; sourceTree = "<group>"; };
		39447031200C21DA008E402B /* Base */ = {isa = PBXFileReference; lastKnownFileType = file.storyboard; name = Base; path = Base.lproj/LaunchScreen.storyboard; sourceTree = "<group>"; };
		39447033200C21DA008E402B /* Info.plist */ = {isa = PBXFileReference; lastKnownFileType = text.plist.xml; path = Info.plist; sourceTree = "<group>"; };
		39447039200C2244008E402B /* ScoreboardCell.swift */ = {isa = PBXFileReference; lastKnownFileType = sourcecode.swift; path = ScoreboardCell.swift; sourceTree = "<group>"; };
		3944703B200C2288008E402B /* ScoreboardService.swift */ = {isa = PBXFileReference; lastKnownFileType = sourcecode.swift; path = ScoreboardService.swift; sourceTree = "<group>"; };
		3944703D200C232E008E402B /* ScoreboardViewController.swift */ = {isa = PBXFileReference; lastKnownFileType = sourcecode.swift; path = ScoreboardViewController.swift; sourceTree = "<group>"; };
		3944703F200C2E4A008E402B /* Score.swift */ = {isa = PBXFileReference; lastKnownFileType = sourcecode.swift; path = Score.swift; sourceTree = "<group>"; };
		39447042200DA49B008E402B /* Cartfile */ = {isa = PBXFileReference; fileEncoding = 4; lastKnownFileType = text; path = Cartfile; sourceTree = SOURCE_ROOT; };
		39447046200DA71D008E402B /* TinyConstraints.framework */ = {isa = PBXFileReference; lastKnownFileType = wrapper.framework; name = TinyConstraints.framework; path = Carthage/Build/iOS/TinyConstraints.framework; sourceTree = SOURCE_ROOT; };
		3944704C200F2E9B008E402B /* ScoreboardCell.xib */ = {isa = PBXFileReference; lastKnownFileType = file.xib; path = ScoreboardCell.xib; sourceTree = "<group>"; };
		3983CBC6202F78E100147386 /* UIScreenExt.swift */ = {isa = PBXFileReference; lastKnownFileType = sourcecode.swift; path = UIScreenExt.swift; sourceTree = "<group>"; };
		3983CBCA202F7AD700147386 /* LineView.swift */ = {isa = PBXFileReference; lastKnownFileType = sourcecode.swift; path = LineView.swift; sourceTree = "<group>"; };
		39D3D48C20107A6F0077384E /* SwiftDate.framework */ = {isa = PBXFileReference; lastKnownFileType = wrapper.framework; name = SwiftDate.framework; path = Carthage/Build/iOS/SwiftDate.framework; sourceTree = SOURCE_ROOT; };
		39D3D490201083E80077384E /* ScoreboardPageViewController.swift */ = {isa = PBXFileReference; lastKnownFileType = sourcecode.swift; path = ScoreboardPageViewController.swift; sourceTree = "<group>"; };
		39D3D49220108B3E0077384E /* Team.swift */ = {isa = PBXFileReference; lastKnownFileType = sourcecode.swift; path = Team.swift; sourceTree = "<group>"; };
		39D3D49520108C0F0077384E /* Logos.xcassets */ = {isa = PBXFileReference; lastKnownFileType = folder.assetcatalog; path = Logos.xcassets; sourceTree = "<group>"; };
		39D3D497201308580077384E /* RealmSwift.framework */ = {isa = PBXFileReference; lastKnownFileType = wrapper.framework; name = RealmSwift.framework; path = Carthage/Build/iOS/RealmSwift.framework; sourceTree = SOURCE_ROOT; };
		39D3D498201308580077384E /* Realm.framework */ = {isa = PBXFileReference; lastKnownFileType = wrapper.framework; name = Realm.framework; path = Carthage/Build/iOS/Realm.framework; sourceTree = SOURCE_ROOT; };
		39D3D49F20130D1C0077384E /* TeamID.swift */ = {isa = PBXFileReference; lastKnownFileType = sourcecode.swift; path = TeamID.swift; sourceTree = "<group>"; };
		39D3D4A120130E690077384E /* Game.swift */ = {isa = PBXFileReference; lastKnownFileType = sourcecode.swift; path = Game.swift; sourceTree = "<group>"; };
		39D3D4A7201324400077384E /* TeamService.swift */ = {isa = PBXFileReference; lastKnownFileType = sourcecode.swift; path = TeamService.swift; sourceTree = "<group>"; };
		39D3D4A92013A62F0077384E /* FLEX.framework */ = {isa = PBXFileReference; lastKnownFileType = wrapper.framework; name = FLEX.framework; path = Carthage/Build/iOS/FLEX.framework; sourceTree = SOURCE_ROOT; };
		39D3D4AD2013A6E80077384E /* UINavigationControllerExt.swift */ = {isa = PBXFileReference; lastKnownFileType = sourcecode.swift; path = UINavigationControllerExt.swift; sourceTree = "<group>"; };
		39D3D4AF2013DDAF0077384E /* GameService.swift */ = {isa = PBXFileReference; lastKnownFileType = sourcecode.swift; path = GameService.swift; sourceTree = "<group>"; };
		39D3D4B12015D0500077384E /* StandingsService.swift */ = {isa = PBXFileReference; lastKnownFileType = sourcecode.swift; path = StandingsService.swift; sourceTree = "<group>"; };
		731A7FB92023708A00D75BCB /* Player.swift */ = {isa = PBXFileReference; lastKnownFileType = sourcecode.swift; path = Player.swift; sourceTree = "<group>"; };
/* End PBXFileReference section */

/* Begin PBXFrameworksBuildPhase section */
		39447021200C21D9008E402B /* Frameworks */ = {
			isa = PBXFrameworksBuildPhase;
			buildActionMask = 2147483647;
			files = (
				39D3D49B201308660077384E /* Realm.framework in Frameworks */,
				39D3D48E20107A7B0077384E /* SwiftDate.framework in Frameworks */,
				39D3D49D201308660077384E /* RealmSwift.framework in Frameworks */,
				39447047200DA71D008E402B /* TinyConstraints.framework in Frameworks */,
			);
			runOnlyForDeploymentPostprocessing = 0;
		};
/* End PBXFrameworksBuildPhase section */

/* Begin PBXGroup section */
		390F92F0202788D80099DE94 /* Common */ = {
			isa = PBXGroup;
			children = (
				39D3D4AC2013A6850077384E /* Extension */,
				390F92F1202788F30099DE94 /* EnumCollection.swift */,
				3983CBCA202F7AD700147386 /* LineView.swift */,
			);
			path = Common;
			sourceTree = "<group>";
		};
		39136D96201CF20200E0384E /* Scoreboard */ = {
			isa = PBXGroup;
			children = (
				39447039200C2244008E402B /* ScoreboardCell.swift */,
				3944704C200F2E9B008E402B /* ScoreboardCell.xib */,
				3944703D200C232E008E402B /* ScoreboardViewController.swift */,
				39D3D490201083E80077384E /* ScoreboardPageViewController.swift */,
			);
			path = Scoreboard;
			sourceTree = "<group>";
		};
		39136D97201CF20C00E0384E /* Standings */ = {
			isa = PBXGroup;
			children = (
				39136D98201CF23C00E0384E /* StandingsViewController.swift */,
				39136DA32026392000E0384E /* StandingsHeaderViews.swift */,
				390F92EC202787100099DE94 /* StandingsCell.swift */,
				390F92EE2027874E0099DE94 /* StandingsStatsView.swift */,
			);
			path = Standings;
			sourceTree = "<group>";
		};
		39136D9A201CF42900E0384E /* Debug Menu */ = {
			isa = PBXGroup;
			children = (
				39136D9B201CF44D00E0384E /* DebugMenuViewController.swift */,
			);
			path = "Debug Menu";
			sourceTree = "<group>";
		};
		3944701B200C21D9008E402B = {
			isa = PBXGroup;
			children = (
				39447044200DA6F8008E402B /* External */,
				39447041200DA482008E402B /* Supporting Files */,
				39447026200C21D9008E402B /* nhl-scores */,
				39447025200C21D9008E402B /* Products */,
			);
			sourceTree = "<group>";
		};
		39447025200C21D9008E402B /* Products */ = {
			isa = PBXGroup;
			children = (
				39447024200C21D9008E402B /* nhl-scores.app */,
			);
			name = Products;
			sourceTree = "<group>";
		};
		39447026200C21D9008E402B /* nhl-scores */ = {
			isa = PBXGroup;
			children = (
				39447027200C21DA008E402B /* AppDelegate.swift */,
				39D3D4A32013106A0077384E /* API */,
				390F92F0202788D80099DE94 /* Common */,
				39D3D4A4201310760077384E /* Model */,
				39D3D4A6201310AF0077384E /* Utilities */,
				39D3D4A5201310930077384E /* View */,
			);
			path = "nhl-scores";
			sourceTree = "<group>";
		};
		39447041200DA482008E402B /* Supporting Files */ = {
			isa = PBXGroup;
			children = (
				39D3D49420108C000077384E /* Resources */,
				3944702E200C21DA008E402B /* Assets.xcassets */,
				39447030200C21DA008E402B /* LaunchScreen.storyboard */,
				39447033200C21DA008E402B /* Info.plist */,
				39447042200DA49B008E402B /* Cartfile */,
			);
			path = "Supporting Files";
			sourceTree = "<group>";
		};
		39447044200DA6F8008E402B /* External */ = {
			isa = PBXGroup;
			children = (
				39447045200DA700008E402B /* Carthage */,
			);
			name = External;
			sourceTree = "<group>";
		};
		39447045200DA700008E402B /* Carthage */ = {
			isa = PBXGroup;
			children = (
				39D3D4A92013A62F0077384E /* FLEX.framework */,
				39D3D498201308580077384E /* Realm.framework */,
				39D3D497201308580077384E /* RealmSwift.framework */,
				39D3D48C20107A6F0077384E /* SwiftDate.framework */,
				39447046200DA71D008E402B /* TinyConstraints.framework */,
			);
			name = Carthage;
			sourceTree = "<group>";
		};
		39D3D49420108C000077384E /* Resources */ = {
			isa = PBXGroup;
			children = (
				39D3D49520108C0F0077384E /* Logos.xcassets */,
			);
			path = Resources;
			sourceTree = "<group>";
		};
		39D3D4A32013106A0077384E /* API */ = {
			isa = PBXGroup;
			children = (
				3944703B200C2288008E402B /* ScoreboardService.swift */,
				39D3D4A7201324400077384E /* TeamService.swift */,
				39D3D4AF2013DDAF0077384E /* GameService.swift */,
				39D3D4B12015D0500077384E /* StandingsService.swift */,
			);
			path = API;
			sourceTree = "<group>";
		};
		39D3D4A4201310760077384E /* Model */ = {
			isa = PBXGroup;
			children = (
				3944703F200C2E4A008E402B /* Score.swift */,
				39D3D49220108B3E0077384E /* Team.swift */,
				39D3D4A120130E690077384E /* Game.swift */,
				731A7FB92023708A00D75BCB /* Player.swift */,
				39136D9D20261F5B00E0384E /* Record.swift */,
			);
			path = Model;
			sourceTree = "<group>";
		};
		39D3D4A5201310930077384E /* View */ = {
			isa = PBXGroup;
			children = (
				39136D9A201CF42900E0384E /* Debug Menu */,
				39136D96201CF20200E0384E /* Scoreboard */,
				39136D97201CF20C00E0384E /* Standings */,
			);
			path = View;
			sourceTree = "<group>";
		};
		39D3D4A6201310AF0077384E /* Utilities */ = {
			isa = PBXGroup;
			children = (
				39D3D49F20130D1C0077384E /* TeamID.swift */,
			);
			path = Utilities;
			sourceTree = "<group>";
		};
		39D3D4AC2013A6850077384E /* Extension */ = {
			isa = PBXGroup;
			children = (
				39D3D4AD2013A6E80077384E /* UINavigationControllerExt.swift */,
				39136D9F20262B3F00E0384E /* UIColorExt.swift */,
				3983CBC6202F78E100147386 /* UIScreenExt.swift */,
			);
			path = Extension;
			sourceTree = "<group>";
		};
/* End PBXGroup section */

/* Begin PBXNativeTarget section */
		39447023200C21D9008E402B /* nhl-scores */ = {
			isa = PBXNativeTarget;
			buildConfigurationList = 39447036200C21DA008E402B /* Build configuration list for PBXNativeTarget "nhl-scores" */;
			buildPhases = (
				39447020200C21D9008E402B /* Sources */,
				39447021200C21D9008E402B /* Frameworks */,
				39D3D4AB2013A6520077384E /* Copy Debug Frameworks */,
				39447022200C21D9008E402B /* Resources */,
				3944704B200DAB5E008E402B /* Embed Frameworks */,
			);
			buildRules = (
			);
			dependencies = (
			);
			name = "nhl-scores";
			productName = "nhl-scores";
			productReference = 39447024200C21D9008E402B /* nhl-scores.app */;
			productType = "com.apple.product-type.application";
		};
/* End PBXNativeTarget section */

/* Begin PBXProject section */
		3944701C200C21D9008E402B /* Project object */ = {
			isa = PBXProject;
			attributes = {
				LastSwiftUpdateCheck = 0920;
				LastUpgradeCheck = 0920;
				ORGANIZATIONNAME = "Alex King";
				TargetAttributes = {
					39447023200C21D9008E402B = {
						CreatedOnToolsVersion = 9.2;
						ProvisioningStyle = Automatic;
					};
				};
			};
			buildConfigurationList = 3944701F200C21D9008E402B /* Build configuration list for PBXProject "nhl-scores" */;
			compatibilityVersion = "Xcode 8.0";
			developmentRegion = en;
			hasScannedForEncodings = 0;
			knownRegions = (
				en,
				Base,
			);
			mainGroup = 3944701B200C21D9008E402B;
			productRefGroup = 39447025200C21D9008E402B /* Products */;
			projectDirPath = "";
			projectRoot = "";
			targets = (
				39447023200C21D9008E402B /* nhl-scores */,
			);
		};
/* End PBXProject section */

/* Begin PBXResourcesBuildPhase section */
		39447022200C21D9008E402B /* Resources */ = {
			isa = PBXResourcesBuildPhase;
			buildActionMask = 2147483647;
			files = (
				3944704D200F2E9B008E402B /* ScoreboardCell.xib in Resources */,
				39447043200DA49B008E402B /* Cartfile in Resources */,
				39447032200C21DA008E402B /* LaunchScreen.storyboard in Resources */,
				3944702F200C21DA008E402B /* Assets.xcassets in Resources */,
				39D3D49620108C0F0077384E /* Logos.xcassets in Resources */,
			);
			runOnlyForDeploymentPostprocessing = 0;
		};
/* End PBXResourcesBuildPhase section */

/* Begin PBXShellScriptBuildPhase section */
		39D3D4AB2013A6520077384E /* Copy Debug Frameworks */ = {
			isa = PBXShellScriptBuildPhase;
			buildActionMask = 2147483647;
			files = (
			);
			inputPaths = (
				"$(SRCROOT)/Carthage/Build/iOS/FLEX.framework",
			);
			name = "Copy Debug Frameworks";
			outputPaths = (
			);
			runOnlyForDeploymentPostprocessing = 0;
			shellPath = /bin/sh;
			shellScript = "if [ \"$CONFIGURATION\" == \"Debug\" ]; then\n    /usr/local/bin/carthage copy-frameworks\nfi";
		};
/* End PBXShellScriptBuildPhase section */

/* Begin PBXSourcesBuildPhase section */
		39447020200C21D9008E402B /* Sources */ = {
			isa = PBXSourcesBuildPhase;
			buildActionMask = 2147483647;
			files = (
				39136DA42026392000E0384E /* StandingsHeaderViews.swift in Sources */,
				39136D9C201CF44D00E0384E /* DebugMenuViewController.swift in Sources */,
				3944703A200C2244008E402B /* ScoreboardCell.swift in Sources */,
				39D3D4A220130E690077384E /* Game.swift in Sources */,
				390F92F2202788F30099DE94 /* EnumCollection.swift in Sources */,
				39D3D4A8201324400077384E /* TeamService.swift in Sources */,
				731A7FBA2023708A00D75BCB /* Player.swift in Sources */,
				39D3D4B02013DDAF0077384E /* GameService.swift in Sources */,
				39136D99201CF23C00E0384E /* StandingsViewController.swift in Sources */,
				3944703C200C2288008E402B /* ScoreboardService.swift in Sources */,
				39D3D49320108B3E0077384E /* Team.swift in Sources */,
				39D3D4AE2013A6E80077384E /* UINavigationControllerExt.swift in Sources */,
				39D3D4A020130D1C0077384E /* TeamID.swift in Sources */,
				39D3D4B22015D0500077384E /* StandingsService.swift in Sources */,
				3983CBC7202F78E100147386 /* UIScreenExt.swift in Sources */,
				390F92ED202787100099DE94 /* StandingsCell.swift in Sources */,
				390F92EF2027874E0099DE94 /* StandingsStatsView.swift in Sources */,
				39447028200C21DA008E402B /* AppDelegate.swift in Sources */,
				39136DA020262B3F00E0384E /* UIColorExt.swift in Sources */,
				39447040200C2E4A008E402B /* Score.swift in Sources */,
				3983CBCB202F7AD700147386 /* LineView.swift in Sources */,
				3944703E200C232E008E402B /* ScoreboardViewController.swift in Sources */,
				39136D9E20261F5B00E0384E /* Record.swift in Sources */,
				39D3D491201083E80077384E /* ScoreboardPageViewController.swift in Sources */,
			);
			runOnlyForDeploymentPostprocessing = 0;
		};
/* End PBXSourcesBuildPhase section */

/* Begin PBXVariantGroup section */
		39447030200C21DA008E402B /* LaunchScreen.storyboard */ = {
			isa = PBXVariantGroup;
			children = (
				39447031200C21DA008E402B /* Base */,
			);
			name = LaunchScreen.storyboard;
			sourceTree = "<group>";
		};
/* End PBXVariantGroup section */

/* Begin XCBuildConfiguration section */
		39447034200C21DA008E402B /* Debug */ = {
			isa = XCBuildConfiguration;
			buildSettings = {
				ALWAYS_SEARCH_USER_PATHS = NO;
				CLANG_ANALYZER_NONNULL = YES;
				CLANG_ANALYZER_NUMBER_OBJECT_CONVERSION = YES_AGGRESSIVE;
				CLANG_CXX_LANGUAGE_STANDARD = "gnu++14";
				CLANG_CXX_LIBRARY = "libc++";
				CLANG_ENABLE_MODULES = YES;
				CLANG_ENABLE_OBJC_ARC = YES;
				CLANG_WARN_BLOCK_CAPTURE_AUTORELEASING = YES;
				CLANG_WARN_BOOL_CONVERSION = YES;
				CLANG_WARN_COMMA = YES;
				CLANG_WARN_CONSTANT_CONVERSION = YES;
				CLANG_WARN_DIRECT_OBJC_ISA_USAGE = YES_ERROR;
				CLANG_WARN_DOCUMENTATION_COMMENTS = YES;
				CLANG_WARN_EMPTY_BODY = YES;
				CLANG_WARN_ENUM_CONVERSION = YES;
				CLANG_WARN_INFINITE_RECURSION = YES;
				CLANG_WARN_INT_CONVERSION = YES;
				CLANG_WARN_NON_LITERAL_NULL_CONVERSION = YES;
				CLANG_WARN_OBJC_LITERAL_CONVERSION = YES;
				CLANG_WARN_OBJC_ROOT_CLASS = YES_ERROR;
				CLANG_WARN_RANGE_LOOP_ANALYSIS = YES;
				CLANG_WARN_STRICT_PROTOTYPES = YES;
				CLANG_WARN_SUSPICIOUS_MOVE = YES;
				CLANG_WARN_UNGUARDED_AVAILABILITY = YES_AGGRESSIVE;
				CLANG_WARN_UNREACHABLE_CODE = YES;
				CLANG_WARN__DUPLICATE_METHOD_MATCH = YES;
				CODE_SIGN_IDENTITY = "iPhone Developer";
				COPY_PHASE_STRIP = NO;
				DEBUG_INFORMATION_FORMAT = dwarf;
				ENABLE_STRICT_OBJC_MSGSEND = YES;
				ENABLE_TESTABILITY = YES;
				GCC_C_LANGUAGE_STANDARD = gnu11;
				GCC_DYNAMIC_NO_PIC = NO;
				GCC_NO_COMMON_BLOCKS = YES;
				GCC_OPTIMIZATION_LEVEL = 0;
				GCC_PREPROCESSOR_DEFINITIONS = (
					"DEBUG=1",
					"$(inherited)",
				);
				GCC_WARN_64_TO_32_BIT_CONVERSION = YES;
				GCC_WARN_ABOUT_RETURN_TYPE = YES_ERROR;
				GCC_WARN_UNDECLARED_SELECTOR = YES;
				GCC_WARN_UNINITIALIZED_AUTOS = YES_AGGRESSIVE;
				GCC_WARN_UNUSED_FUNCTION = YES;
				GCC_WARN_UNUSED_VARIABLE = YES;
				IPHONEOS_DEPLOYMENT_TARGET = 11.2;
				MTL_ENABLE_DEBUG_INFO = YES;
				ONLY_ACTIVE_ARCH = YES;
				SDKROOT = iphoneos;
				SWIFT_ACTIVE_COMPILATION_CONDITIONS = DEBUG;
				SWIFT_OPTIMIZATION_LEVEL = "-Onone";
			};
			name = Debug;
		};
		39447035200C21DA008E402B /* Release */ = {
			isa = XCBuildConfiguration;
			buildSettings = {
				ALWAYS_SEARCH_USER_PATHS = NO;
				CLANG_ANALYZER_NONNULL = YES;
				CLANG_ANALYZER_NUMBER_OBJECT_CONVERSION = YES_AGGRESSIVE;
				CLANG_CXX_LANGUAGE_STANDARD = "gnu++14";
				CLANG_CXX_LIBRARY = "libc++";
				CLANG_ENABLE_MODULES = YES;
				CLANG_ENABLE_OBJC_ARC = YES;
				CLANG_WARN_BLOCK_CAPTURE_AUTORELEASING = YES;
				CLANG_WARN_BOOL_CONVERSION = YES;
				CLANG_WARN_COMMA = YES;
				CLANG_WARN_CONSTANT_CONVERSION = YES;
				CLANG_WARN_DIRECT_OBJC_ISA_USAGE = YES_ERROR;
				CLANG_WARN_DOCUMENTATION_COMMENTS = YES;
				CLANG_WARN_EMPTY_BODY = YES;
				CLANG_WARN_ENUM_CONVERSION = YES;
				CLANG_WARN_INFINITE_RECURSION = YES;
				CLANG_WARN_INT_CONVERSION = YES;
				CLANG_WARN_NON_LITERAL_NULL_CONVERSION = YES;
				CLANG_WARN_OBJC_LITERAL_CONVERSION = YES;
				CLANG_WARN_OBJC_ROOT_CLASS = YES_ERROR;
				CLANG_WARN_RANGE_LOOP_ANALYSIS = YES;
				CLANG_WARN_STRICT_PROTOTYPES = YES;
				CLANG_WARN_SUSPICIOUS_MOVE = YES;
				CLANG_WARN_UNGUARDED_AVAILABILITY = YES_AGGRESSIVE;
				CLANG_WARN_UNREACHABLE_CODE = YES;
				CLANG_WARN__DUPLICATE_METHOD_MATCH = YES;
				CODE_SIGN_IDENTITY = "iPhone Developer";
				COPY_PHASE_STRIP = NO;
				DEBUG_INFORMATION_FORMAT = "dwarf-with-dsym";
				ENABLE_NS_ASSERTIONS = NO;
				ENABLE_STRICT_OBJC_MSGSEND = YES;
				GCC_C_LANGUAGE_STANDARD = gnu11;
				GCC_NO_COMMON_BLOCKS = YES;
				GCC_WARN_64_TO_32_BIT_CONVERSION = YES;
				GCC_WARN_ABOUT_RETURN_TYPE = YES_ERROR;
				GCC_WARN_UNDECLARED_SELECTOR = YES;
				GCC_WARN_UNINITIALIZED_AUTOS = YES_AGGRESSIVE;
				GCC_WARN_UNUSED_FUNCTION = YES;
				GCC_WARN_UNUSED_VARIABLE = YES;
				IPHONEOS_DEPLOYMENT_TARGET = 11.2;
				MTL_ENABLE_DEBUG_INFO = NO;
				SDKROOT = iphoneos;
				SWIFT_OPTIMIZATION_LEVEL = "-Owholemodule";
				VALIDATE_PRODUCT = YES;
			};
			name = Release;
		};
		39447037200C21DA008E402B /* Debug */ = {
			isa = XCBuildConfiguration;
			buildSettings = {
				ASSETCATALOG_COMPILER_APPICON_NAME = "AppIcon-Debug";
				CODE_SIGN_STYLE = Automatic;
				DEVELOPMENT_TEAM = DUYQ44RPLQ;
				FRAMEWORK_SEARCH_PATHS = (
					"$(inherited)",
					"$(PROJECT_DIR)/Carthage/Build/iOS",
				);
				INFOPLIST_FILE = "Supporting Files/Info.plist";
				LD_RUNPATH_SEARCH_PATHS = "$(inherited) @executable_path/Frameworks";
				"OTHER_SWIFT_FLAGS[arch=*]" = "-D DEBUG";
				PRODUCT_BUNDLE_IDENTIFIER = "com.aking.nhl-scores.debug";
				PRODUCT_NAME = "$(TARGET_NAME)";
				SWIFT_VERSION = 4.0;
				TARGETED_DEVICE_FAMILY = "1,2";
			};
			name = Debug;
		};
		39447038200C21DA008E402B /* Release */ = {
			isa = XCBuildConfiguration;
			buildSettings = {
				ASSETCATALOG_COMPILER_APPICON_NAME = AppIcon;
				CODE_SIGN_STYLE = Automatic;
				DEVELOPMENT_TEAM = DUYQ44RPLQ;
				FRAMEWORK_SEARCH_PATHS = (
					"$(inherited)",
					"$(PROJECT_DIR)/Carthage/Build/iOS",
				);
				INFOPLIST_FILE = "Supporting Files/Info.plist";
				LD_RUNPATH_SEARCH_PATHS = "$(inherited) @executable_path/Frameworks";
				PRODUCT_BUNDLE_IDENTIFIER = "com.aking.nhl-scores";
				PRODUCT_NAME = "$(TARGET_NAME)";
				SWIFT_VERSION = 4.0;
				TARGETED_DEVICE_FAMILY = "1,2";
			};
			name = Release;
		};
/* End XCBuildConfiguration section */

/* Begin XCConfigurationList section */
		3944701F200C21D9008E402B /* Build configuration list for PBXProject "nhl-scores" */ = {
			isa = XCConfigurationList;
			buildConfigurations = (
				39447034200C21DA008E402B /* Debug */,
				39447035200C21DA008E402B /* Release */,
			);
			defaultConfigurationIsVisible = 0;
			defaultConfigurationName = Release;
		};
		39447036200C21DA008E402B /* Build configuration list for PBXNativeTarget "nhl-scores" */ = {
			isa = XCConfigurationList;
			buildConfigurations = (
				39447037200C21DA008E402B /* Debug */,
				39447038200C21DA008E402B /* Release */,
			);
			defaultConfigurationIsVisible = 0;
			defaultConfigurationName = Release;
		};
/* End XCConfigurationList section */
	};
	rootObject = 3944701C200C21D9008E402B /* Project object */;
}
